
Microsoft Visual Studio Solution File, Format Version 12.00
# Visual Studio 15
VisualStudioVersion = 15.0.27703.2000
MinimumVisualStudioVersion = 10.0.40219.1
Project("{FAE04EC0-301F-11D3-BF4B-00C04F79EFBC}") = "TextSummarizer", "TextSummarizer\TextSummarizer.csproj", "{2BC34FFE-AD6B-444C-A820-5FD0742724B0}"
EndProject
Global
	GlobalSection(SolutionConfigurationPlatforms) = preSolution
		Debug|Any CPU = Debug|Any CPU
		Release|Any CPU = Release|Any CPU
	EndGlobalSection
	GlobalSection(ProjectConfigurationPlatforms) = postSolution
		{2BC34FFE-AD6B-444C-A820-5FD0742724B0}.Debug|Any CPU.ActiveCfg = Debug|Any CPU
		{2BC34FFE-AD6B-444C-A820-5FD0742724B0}.Debug|Any CPU.Build.0 = Debug|Any CPU
		{2BC34FFE-AD6B-444C-A820-5FD0742724B0}.Release|Any CPU.ActiveCfg = Release|Any CPU
		{2BC34FFE-AD6B-444C-A820-5FD0742724B0}.Release|Any CPU.Build.0 = Release|Any CPU
	EndGlobalSection
	GlobalSection(SolutionProperties) = preSolution
		HideSolutionNode = FALSE
	EndGlobalSection
	GlobalSection(ExtensibilityGlobals) = postSolution
		SolutionGuid = {228EB922-875F-42EC-9561-DBCA54CB2FE7}
	EndGlobalSection
EndGlobal
